github.com/vbsw/golib/callback v1.0.0 h1:G90BZo8CjdsOciwEt6j8Ce7u7jCgk66mqbXUPLOp4Dc=
github.com/vbsw/golib/callback v1.0.0/go.mod h1:KxjWwAaI/fTJVt4gSii2937tislVEyGv8rppY1ipjP0=
github.com/vbsw/oglr v0.0.0-20220616120830-2cb9df765214 h1:7VEoiKV1CDolY/WsrdKP3/kqEpq1JQhF7Ezz2P26q6Q=
github.com/vbsw/oglr v0.0.0-20220616120830-2cb9df765214/go.mod h1:/QilWQWnAf7wkIYUTXdyb3JZjQWPby70lyh/LtEKKUU=
github.com/vbsw/oglwnd v0.1.2 h1:xeU4B9ope9KuNGzx9yDb7T1kzevSHWOxtEZYTDUjPcg=
github.com/vbsw/oglwnd v0.1.2/go.mod h1:ap462g8QEXnvGA325OWfmFYtkjgrLxh91sYaOs0be3o=
